
Microsoft Visual Studio Solution File, Format Version 12.00
# Visual Studio Version 16
VisualStudioVersion = 16.0.29920.165
MinimumVisualStudioVersion = 10.0.40219.1
Project("{FAE04EC0-301F-11D3-BF4B-00C04F79EFBC}") = "WebApp", "WebApp\WebApp.csproj", "{53ECBA18-1E9D-4817-9998-74C05C7E6E7B}"
EndProject
Project("{FAE04EC0-301F-11D3-BF4B-00C04F79EFBC}") = "Shared", "Shared\Shared.csproj", "{7DE1A9CC-F8F5-433A-B071-2134B4594E75}"
EndProject
Project("{FAE04EC0-301F-11D3-BF4B-00C04F79EFBC}") = "DataAccess", "DataAccess\DataAccess.csproj", "{24517BF8-435A-4CCF-B288-8D964E35DCF6}"
EndProject
Project("{FAE04EC0-301F-11D3-BF4B-00C04F79EFBC}") = "BusinessObject", "BusinessObject\BusinessObject.csproj", "{B0ECB1B0-39F6-49B2-8A68-66A61493F1F1}"
EndProject
Project("{FAE04EC0-301F-11D3-BF4B-00C04F79EFBC}") = "Services", "Services\Services.csproj", "{B674061D-5645-476C-828B-0F39554D93D7}"
EndProject
Project("{FAE04EC0-301F-11D3-BF4B-00C04F79EFBC}") = "ConsoleApp", "ConsoleApp\ConsoleApp.csproj", "{D7C36C07-009A-440D-9E70-CA01887D6B97}"
EndProject
Global
	GlobalSection(SolutionConfigurationPlatforms) = preSolution
		Debug|Any CPU = Debug|Any CPU
		Release|Any CPU = Release|Any CPU
	EndGlobalSection
	GlobalSection(ProjectConfigurationPlatforms) = postSolution
		{53ECBA18-1E9D-4817-9998-74C05C7E6E7B}.Debug|Any CPU.ActiveCfg = Debug|Any CPU
		{53ECBA18-1E9D-4817-9998-74C05C7E6E7B}.Debug|Any CPU.Build.0 = Debug|Any CPU
		{53ECBA18-1E9D-4817-9998-74C05C7E6E7B}.Release|Any CPU.ActiveCfg = Release|Any CPU
		{53ECBA18-1E9D-4817-9998-74C05C7E6E7B}.Release|Any CPU.Build.0 = Release|Any CPU
		{7DE1A9CC-F8F5-433A-B071-2134B4594E75}.Debug|Any CPU.ActiveCfg = Debug|Any CPU
		{7DE1A9CC-F8F5-433A-B071-2134B4594E75}.Debug|Any CPU.Build.0 = Debug|Any CPU
		{7DE1A9CC-F8F5-433A-B071-2134B4594E75}.Release|Any CPU.ActiveCfg = Release|Any CPU
		{7DE1A9CC-F8F5-433A-B071-2134B4594E75}.Release|Any CPU.Build.0 = Release|Any CPU
		{24517BF8-435A-4CCF-B288-8D964E35DCF6}.Debug|Any CPU.ActiveCfg = Debug|Any CPU
		{24517BF8-435A-4CCF-B288-8D964E35DCF6}.Debug|Any CPU.Build.0 = Debug|Any CPU
		{24517BF8-435A-4CCF-B288-8D964E35DCF6}.Release|Any CPU.ActiveCfg = Release|Any CPU
		{24517BF8-435A-4CCF-B288-8D964E35DCF6}.Release|Any CPU.Build.0 = Release|Any CPU
		{B0ECB1B0-39F6-49B2-8A68-66A61493F1F1}.Debug|Any CPU.ActiveCfg = Debug|Any CPU
		{B0ECB1B0-39F6-49B2-8A68-66A61493F1F1}.Debug|Any CPU.Build.0 = Debug|Any CPU
		{B0ECB1B0-39F6-49B2-8A68-66A61493F1F1}.Release|Any CPU.ActiveCfg = Release|Any CPU
		{B0ECB1B0-39F6-49B2-8A68-66A61493F1F1}.Release|Any CPU.Build.0 = Release|Any CPU
		{B674061D-5645-476C-828B-0F39554D93D7}.Debug|Any CPU.ActiveCfg = Debug|Any CPU
		{B674061D-5645-476C-828B-0F39554D93D7}.Debug|Any CPU.Build.0 = Debug|Any CPU
		{B674061D-5645-476C-828B-0F39554D93D7}.Release|Any CPU.ActiveCfg = Release|Any CPU
		{B674061D-5645-476C-828B-0F39554D93D7}.Release|Any CPU.Build.0 = Release|Any CPU
		{D7C36C07-009A-440D-9E70-CA01887D6B97}.Debug|Any CPU.ActiveCfg = Debug|Any CPU
		{D7C36C07-009A-440D-9E70-CA01887D6B97}.Debug|Any CPU.Build.0 = Debug|Any CPU
		{D7C36C07-009A-440D-9E70-CA01887D6B97}.Release|Any CPU.ActiveCfg = Release|Any CPU
		{D7C36C07-009A-440D-9E70-CA01887D6B97}.Release|Any CPU.Build.0 = Release|Any CPU
	EndGlobalSection
	GlobalSection(SolutionProperties) = preSolution
		HideSolutionNode = FALSE
	EndGlobalSection
	GlobalSection(ExtensibilityGlobals) = postSolution
		SolutionGuid = {4D5CB766-6CCF-42D6-9333-BCF04126437A}
	EndGlobalSection
EndGlobal
